
Microsoft Visual Studio Solution File, Format Version 12.00
# Visual Studio Version 17
VisualStudioVersion = 17.10.34607.79
MinimumVisualStudioVersion = 10.0.40219.1
Project("{FAE04EC0-301F-11D3-BF4B-00C04F79EFBC}") = "LibraryManagement", "LibraryManagement\LibraryManagement.csproj", "{48B41B65-9417-4AAB-95F1-71E8571038D6}"
EndProject
Global
	GlobalSection(SolutionConfigurationPlatforms) = preSolution
		Debug|Any CPU = Debug|Any CPU
		Release|Any CPU = Release|Any CPU
	EndGlobalSection
	GlobalSection(ProjectConfigurationPlatforms) = postSolution
		{48B41B65-9417-4AAB-95F1-71E8571038D6}.Debug|Any CPU.ActiveCfg = Debug|Any CPU
		{48B41B65-9417-4AAB-95F1-71E8571038D6}.Debug|Any CPU.Build.0 = Debug|Any CPU
		{48B41B65-9417-4AAB-95F1-71E8571038D6}.Release|Any CPU.ActiveCfg = Release|Any CPU
		{48B41B65-9417-4AAB-95F1-71E8571038D6}.Release|Any CPU.Build.0 = Release|Any CPU
	EndGlobalSection
	GlobalSection(SolutionProperties) = preSolution
		HideSolutionNode = FALSE
	EndGlobalSection
	GlobalSection(ExtensibilityGlobals) = postSolution
		SolutionGuid = {088DB9FF-9BCF-43C2-B69B-3468A84748C2}
	EndGlobalSection
EndGlobal
